
Microsoft Visual Studio Solution File, Format Version 12.00
# Visual Studio Version 17
VisualStudioVersion = 17.8.34511.84
MinimumVisualStudioVersion = 10.0.40219.1
Project("{FAE04EC0-301F-11D3-BF4B-00C04F79EFBC}") = "Task.home3", "Task.home3\Task.home3.csproj", "{032F6A91-779A-4CD8-A342-99919465EBA1}"
EndProject
Project("{FAE04EC0-301F-11D3-BF4B-00C04F79EFBC}") = "DateAccess", "DateAccess\DateAccess.csproj", "{8F9FAE65-A9B3-480D-B9B7-9B0E02A7A3EB}"
EndProject
Global
	GlobalSection(SolutionConfigurationPlatforms) = preSolution
		Debug|Any CPU = Debug|Any CPU
		Release|Any CPU = Release|Any CPU
	EndGlobalSection
	GlobalSection(ProjectConfigurationPlatforms) = postSolution
		{032F6A91-779A-4CD8-A342-99919465EBA1}.Debug|Any CPU.ActiveCfg = Debug|Any CPU
		{032F6A91-779A-4CD8-A342-99919465EBA1}.Debug|Any CPU.Build.0 = Debug|Any CPU
		{032F6A91-779A-4CD8-A342-99919465EBA1}.Release|Any CPU.ActiveCfg = Release|Any CPU
		{032F6A91-779A-4CD8-A342-99919465EBA1}.Release|Any CPU.Build.0 = Release|Any CPU
		{8F9FAE65-A9B3-480D-B9B7-9B0E02A7A3EB}.Debug|Any CPU.ActiveCfg = Debug|Any CPU
		{8F9FAE65-A9B3-480D-B9B7-9B0E02A7A3EB}.Debug|Any CPU.Build.0 = Debug|Any CPU
		{8F9FAE65-A9B3-480D-B9B7-9B0E02A7A3EB}.Release|Any CPU.ActiveCfg = Release|Any CPU
		{8F9FAE65-A9B3-480D-B9B7-9B0E02A7A3EB}.Release|Any CPU.Build.0 = Release|Any CPU
	EndGlobalSection
	GlobalSection(SolutionProperties) = preSolution
		HideSolutionNode = FALSE
	EndGlobalSection
	GlobalSection(ExtensibilityGlobals) = postSolution
		SolutionGuid = {1A5BA6EC-090A-4884-89AA-02B790D21D85}
	EndGlobalSection
EndGlobal
